
Microsoft Visual Studio Solution File, Format Version 12.00
Project("{F2A71F9B-5D33-465A-A702-920D77279786}") = "NotDyno", "NotDyno\NotDyno.fsproj", "{3B041265-A972-404D-9BAF-EA2A984941DD}"
EndProject
Global
	GlobalSection(SolutionConfigurationPlatforms) = preSolution
		Debug|Any CPU = Debug|Any CPU
		Release|Any CPU = Release|Any CPU
	EndGlobalSection
	GlobalSection(ProjectConfigurationPlatforms) = postSolution
		{3B041265-A972-404D-9BAF-EA2A984941DD}.Debug|Any CPU.ActiveCfg = Debug|Any CPU
		{3B041265-A972-404D-9BAF-EA2A984941DD}.Debug|Any CPU.Build.0 = Debug|Any CPU
		{3B041265-A972-404D-9BAF-EA2A984941DD}.Release|Any CPU.ActiveCfg = Release|Any CPU
		{3B041265-A972-404D-9BAF-EA2A984941DD}.Release|Any CPU.Build.0 = Release|Any CPU
	EndGlobalSection
EndGlobal
